
Microsoft Visual Studio Solution File, Format Version 12.00
# Visual Studio Version 17
VisualStudioVersion = 17.9.34728.123
MinimumVisualStudioVersion = 10.0.40219.1
Project("{9A19103F-16F7-4668-BE54-9A1E7A4F7556}") = "BusinessObjects", "BusinessObjects\BusinessObjects.csproj", "{A9C2051B-11AD-4859-AA9B-0EA58A1627ED}"
EndProject
Project("{9A19103F-16F7-4668-BE54-9A1E7A4F7556}") = "Recuitment_Group3", "Recuitment_Group3\Recuitment_Group3.csproj", "{3BD4A9A0-5830-4B77-8861-37A6F98FD9AA}"
EndProject
Project("{9A19103F-16F7-4668-BE54-9A1E7A4F7556}") = "DAL", "DAL\DAL.csproj", "{7DEEB089-76AF-471C-B4A6-955188282434}"
EndProject
Project("{9A19103F-16F7-4668-BE54-9A1E7A4F7556}") = "Services", "Services\Services.csproj", "{0F099CEA-17FF-4744-ABB9-B0B1BE3B391D}"
EndProject
Global
	GlobalSection(SolutionConfigurationPlatforms) = preSolution
		Debug|Any CPU = Debug|Any CPU
		Release|Any CPU = Release|Any CPU
	EndGlobalSection
	GlobalSection(ProjectConfigurationPlatforms) = postSolution
		{A9C2051B-11AD-4859-AA9B-0EA58A1627ED}.Debug|Any CPU.ActiveCfg = Debug|Any CPU
		{A9C2051B-11AD-4859-AA9B-0EA58A1627ED}.Debug|Any CPU.Build.0 = Debug|Any CPU
		{A9C2051B-11AD-4859-AA9B-0EA58A1627ED}.Release|Any CPU.ActiveCfg = Release|Any CPU
		{A9C2051B-11AD-4859-AA9B-0EA58A1627ED}.Release|Any CPU.Build.0 = Release|Any CPU
		{3BD4A9A0-5830-4B77-8861-37A6F98FD9AA}.Debug|Any CPU.ActiveCfg = Debug|Any CPU
		{3BD4A9A0-5830-4B77-8861-37A6F98FD9AA}.Debug|Any CPU.Build.0 = Debug|Any CPU
		{3BD4A9A0-5830-4B77-8861-37A6F98FD9AA}.Release|Any CPU.ActiveCfg = Release|Any CPU
		{3BD4A9A0-5830-4B77-8861-37A6F98FD9AA}.Release|Any CPU.Build.0 = Release|Any CPU
		{7DEEB089-76AF-471C-B4A6-955188282434}.Debug|Any CPU.ActiveCfg = Debug|Any CPU
		{7DEEB089-76AF-471C-B4A6-955188282434}.Debug|Any CPU.Build.0 = Debug|Any CPU
		{7DEEB089-76AF-471C-B4A6-955188282434}.Release|Any CPU.ActiveCfg = Release|Any CPU
		{7DEEB089-76AF-471C-B4A6-955188282434}.Release|Any CPU.Build.0 = Release|Any CPU
		{0F099CEA-17FF-4744-ABB9-B0B1BE3B391D}.Debug|Any CPU.ActiveCfg = Debug|Any CPU
		{0F099CEA-17FF-4744-ABB9-B0B1BE3B391D}.Debug|Any CPU.Build.0 = Debug|Any CPU
		{0F099CEA-17FF-4744-ABB9-B0B1BE3B391D}.Release|Any CPU.ActiveCfg = Release|Any CPU
		{0F099CEA-17FF-4744-ABB9-B0B1BE3B391D}.Release|Any CPU.Build.0 = Release|Any CPU
	EndGlobalSection
	GlobalSection(SolutionProperties) = preSolution
		HideSolutionNode = FALSE
	EndGlobalSection
	GlobalSection(ExtensibilityGlobals) = postSolution
		SolutionGuid = {DF0AB0D3-4520-4E18-B8D5-647AED5F1A16}
	EndGlobalSection
EndGlobal
